
Microsoft Visual Studio Solution File, Format Version 12.00
# Visual Studio Version 17
VisualStudioVersion = 17.2.32630.192
MinimumVisualStudioVersion = 10.0.40219.1
Project("{FAE04EC0-301F-11D3-BF4B-00C04F79EFBC}") = "ProyectoCrud", "ProyectoCrud\ProyectoCrud.csproj", "{70B01444-AEF1-4C0B-B2EC-138B1428DF36}"
EndProject
Global
	GlobalSection(SolutionConfigurationPlatforms) = preSolution
		Debug|Any CPU = Debug|Any CPU
		Release|Any CPU = Release|Any CPU
	EndGlobalSection
	GlobalSection(ProjectConfigurationPlatforms) = postSolution
		{70B01444-AEF1-4C0B-B2EC-138B1428DF36}.Debug|Any CPU.ActiveCfg = Debug|Any CPU
		{70B01444-AEF1-4C0B-B2EC-138B1428DF36}.Debug|Any CPU.Build.0 = Debug|Any CPU
		{70B01444-AEF1-4C0B-B2EC-138B1428DF36}.Release|Any CPU.ActiveCfg = Release|Any CPU
		{70B01444-AEF1-4C0B-B2EC-138B1428DF36}.Release|Any CPU.Build.0 = Release|Any CPU
	EndGlobalSection
	GlobalSection(SolutionProperties) = preSolution
		HideSolutionNode = FALSE
	EndGlobalSection
	GlobalSection(ExtensibilityGlobals) = postSolution
		SolutionGuid = {00EC16AE-6E79-4898-B2B1-46C3D4A79885}
	EndGlobalSection
EndGlobal
